[ "ex_doc": {:git, "git://github.com/elixir-lang/ex_doc.git", "81c74209a90ec5635c258e20e8767fb469262e8c", []},
  "exmeck": {:git, "git://github.com/azukiapp/exmeck.git", "b11dabbe02a1ecd49b4636fe92862711d3bec3ff", []},
  "finalizer": {:git, "git://github.com/meh/elixir-finalizer.git", "9c38d9145824a46c66f1a010e137a953a6c78e04", []},
  "gpb": {:git, "git://github.com/tomas-abrahamsson/gpb.git", "6b95f3be11b0865833013e9b30baaa0109321e65", []},
  "meck": {:git, "git://github.com/eproxus/meck.git", "4b085043972dee845fc3dd6f3a1926df4e39ed3d", [{:branch, "develop"}]},
  "mix_protobuffs": {:git, "git://github.com/nuxlli/mix_protobuffs.git", "74fbf1f3b7bfb4932294e6085151e80f7899a4cd", [{:branch, "fixing_use_mix_code_erlang"}]},
  "protobuf": {:git, "git://github.com/azukiapp/elixir-protobuf.git", "99304d4c272d5931d0089b2cbb0f758fbf63ac2a", []},
  "protobuffs": {:git, "git://github.com/basho/erlang_protobuffs.git", "d64ada24cf0479bcf3358bd67b3fb3d654ae1990", []},
  "resource": {:git, "git://github.com/tonyrog/resource.git", "37264ec960263cec0df8d6db0da818297b8d5771", []},
  "socket": {:git, "git://github.com/meh/elixir-socket.git", "08a05b699a38ce88826ff8bc7f6fa821322b3d10", []},
  "uuid": {:git, "git://github.com/avtobiff/erlang-uuid.git", "d7f64acd8412b79e854b8c95f4c66d8e071de8d9", [{:tag, "v0.4.4"}]} ]
